
Microsoft Visual Studio Solution File, Format Version 12.00
# Visual Studio 15
Project("{FAE04EC0-301F-11D3-BF4B-00C04F79EFBC}") = "Assembly-CSharp", "Assembly-CSharp.csproj", "{DC65999C-B80E-BF99-9634-64C7B725AA70}"
EndProject
Project("{FAE04EC0-301F-11D3-BF4B-00C04F79EFBC}") = "PhotonUnityNetworking.Utilities", "PhotonUnityNetworking.Utilities.csproj", "{EC6CF6F5-E792-51DD-D0F4-5D92806A3EAC}"
EndProject
Project("{FAE04EC0-301F-11D3-BF4B-00C04F79EFBC}") = "PhotonChat", "PhotonChat.csproj", "{836F4FFC-B614-1F37-6D2C-2DD356DAED24}"
EndProject
Project("{FAE04EC0-301F-11D3-BF4B-00C04F79EFBC}") = "PhotonUnityNetworking", "PhotonUnityNetworking.csproj", "{8501595F-61CB-CEB4-52A7-57E1DD69C37F}"
EndProject
Project("{FAE04EC0-301F-11D3-BF4B-00C04F79EFBC}") = "PhotonRealtime", "PhotonRealtime.csproj", "{1ACD4AAC-B111-8828-B4F5-FA49249D61A2}"
EndProject
Project("{FAE04EC0-301F-11D3-BF4B-00C04F79EFBC}") = "PhotonWebSocket", "PhotonWebSocket.csproj", "{030489A4-B095-7207-3752-64D007468A45}"
EndProject
Project("{FAE04EC0-301F-11D3-BF4B-00C04F79EFBC}") = "PhotonUnityNetworking.Editor", "PhotonUnityNetworking.Editor.csproj", "{A61CFFAF-93F4-2306-AC4D-5A28D3DEAB38}"
EndProject
Project("{FAE04EC0-301F-11D3-BF4B-00C04F79EFBC}") = "Assembly-CSharp-Editor", "Assembly-CSharp-Editor.csproj", "{FD240F9D-429E-550F-6D25-3D773CA19210}"
EndProject
Project("{FAE04EC0-301F-11D3-BF4B-00C04F79EFBC}") = "PhotonUnityNetworking.Utilities.PhotonPlayer.Editor", "PhotonUnityNetworking.Utilities.PhotonPlayer.Editor.csproj", "{B408D1A3-613F-9180-9274-9F8F34E989B6}"
EndProject
Project("{FAE04EC0-301F-11D3-BF4B-00C04F79EFBC}") = "PhotonUnityNetworking.Utilities.Culling.Editor", "PhotonUnityNetworking.Utilities.Culling.Editor.csproj", "{06783987-95E5-FD3F-7AB6-51A66F8F82CA}"
EndProject
Global
	GlobalSection(SolutionConfigurationPlatforms) = preSolution
		Debug|Any CPU = Debug|Any CPU
		Release|Any CPU = Release|Any CPU
	EndGlobalSection
	GlobalSection(ProjectConfigurationPlatforms) = postSolution
		{DC65999C-B80E-BF99-9634-64C7B725AA70}.Debug|Any CPU.ActiveCfg = Debug|Any CPU
		{DC65999C-B80E-BF99-9634-64C7B725AA70}.Debug|Any CPU.Build.0 = Debug|Any CPU
		{DC65999C-B80E-BF99-9634-64C7B725AA70}.Release|Any CPU.ActiveCfg = Release|Any CPU
		{DC65999C-B80E-BF99-9634-64C7B725AA70}.Release|Any CPU.Build.0 = Release|Any CPU
		{EC6CF6F5-E792-51DD-D0F4-5D92806A3EAC}.Debug|Any CPU.ActiveCfg = Debug|Any CPU
		{EC6CF6F5-E792-51DD-D0F4-5D92806A3EAC}.Debug|Any CPU.Build.0 = Debug|Any CPU
		{EC6CF6F5-E792-51DD-D0F4-5D92806A3EAC}.Release|Any CPU.ActiveCfg = Release|Any CPU
		{EC6CF6F5-E792-51DD-D0F4-5D92806A3EAC}.Release|Any CPU.Build.0 = Release|Any CPU
		{836F4FFC-B614-1F37-6D2C-2DD356DAED24}.Debug|Any CPU.ActiveCfg = Debug|Any CPU
		{836F4FFC-B614-1F37-6D2C-2DD356DAED24}.Debug|Any CPU.Build.0 = Debug|Any CPU
		{836F4FFC-B614-1F37-6D2C-2DD356DAED24}.Release|Any CPU.ActiveCfg = Release|Any CPU
		{836F4FFC-B614-1F37-6D2C-2DD356DAED24}.Release|Any CPU.Build.0 = Release|Any CPU
		{8501595F-61CB-CEB4-52A7-57E1DD69C37F}.Debug|Any CPU.ActiveCfg = Debug|Any CPU
		{8501595F-61CB-CEB4-52A7-57E1DD69C37F}.Debug|Any CPU.Build.0 = Debug|Any CPU
		{8501595F-61CB-CEB4-52A7-57E1DD69C37F}.Release|Any CPU.ActiveCfg = Release|Any CPU
		{8501595F-61CB-CEB4-52A7-57E1DD69C37F}.Release|Any CPU.Build.0 = Release|Any CPU
		{1ACD4AAC-B111-8828-B4F5-FA49249D61A2}.Debug|Any CPU.ActiveCfg = Debug|Any CPU
		{1ACD4AAC-B111-8828-B4F5-FA49249D61A2}.Debug|Any CPU.Build.0 = Debug|Any CPU
		{1ACD4AAC-B111-8828-B4F5-FA49249D61A2}.Release|Any CPU.ActiveCfg = Release|Any CPU
		{1ACD4AAC-B111-8828-B4F5-FA49249D61A2}.Release|Any CPU.Build.0 = Release|Any CPU
		{030489A4-B095-7207-3752-64D007468A45}.Debug|Any CPU.ActiveCfg = Debug|Any CPU
		{030489A4-B095-7207-3752-64D007468A45}.Debug|Any CPU.Build.0 = Debug|Any CPU
		{030489A4-B095-7207-3752-64D007468A45}.Release|Any CPU.ActiveCfg = Release|Any CPU
		{030489A4-B095-7207-3752-64D007468A45}.Release|Any CPU.Build.0 = Release|Any CPU
		{A61CFFAF-93F4-2306-AC4D-5A28D3DEAB38}.Debug|Any CPU.ActiveCfg = Debug|Any CPU
		{A61CFFAF-93F4-2306-AC4D-5A28D3DEAB38}.Debug|Any CPU.Build.0 = Debug|Any CPU
		{A61CFFAF-93F4-2306-AC4D-5A28D3DEAB38}.Release|Any CPU.ActiveCfg = Release|Any CPU
		{A61CFFAF-93F4-2306-AC4D-5A28D3DEAB38}.Release|Any CPU.Build.0 = Release|Any CPU
		{FD240F9D-429E-550F-6D25-3D773CA19210}.Debug|Any CPU.ActiveCfg = Debug|Any CPU
		{FD240F9D-429E-550F-6D25-3D773CA19210}.Debug|Any CPU.Build.0 = Debug|Any CPU
		{FD240F9D-429E-550F-6D25-3D773CA19210}.Release|Any CPU.ActiveCfg = Release|Any CPU
		{FD240F9D-429E-550F-6D25-3D773CA19210}.Release|Any CPU.Build.0 = Release|Any CPU
		{B408D1A3-613F-9180-9274-9F8F34E989B6}.Debug|Any CPU.ActiveCfg = Debug|Any CPU
		{B408D1A3-613F-9180-9274-9F8F34E989B6}.Debug|Any CPU.Build.0 = Debug|Any CPU
		{B408D1A3-613F-9180-9274-9F8F34E989B6}.Release|Any CPU.ActiveCfg = Release|Any CPU
		{B408D1A3-613F-9180-9274-9F8F34E989B6}.Release|Any CPU.Build.0 = Release|Any CPU
		{06783987-95E5-FD3F-7AB6-51A66F8F82CA}.Debug|Any CPU.ActiveCfg = Debug|Any CPU
		{06783987-95E5-FD3F-7AB6-51A66F8F82CA}.Debug|Any CPU.Build.0 = Debug|Any CPU
		{06783987-95E5-FD3F-7AB6-51A66F8F82CA}.Release|Any CPU.ActiveCfg = Release|Any CPU
		{06783987-95E5-FD3F-7AB6-51A66F8F82CA}.Release|Any CPU.Build.0 = Release|Any CPU
	EndGlobalSection
	GlobalSection(SolutionProperties) = preSolution
		HideSolutionNode = FALSE
	EndGlobalSection
EndGlobal
